
Microsoft Visual Studio Solution File, Format Version 12.00
# Visual Studio Version 17
VisualStudioVersion = 17.1.32421.90
MinimumVisualStudioVersion = 10.0.40219.1
Project("{9A19103F-16F7-4668-BE54-9A1E7A4F7556}") = "FileUploader.Server.API", "src\FileUploader.Server.API\FileUploader.Server.API.csproj", "{A6F62A9D-A1DF-41D9-95A4-88834A5953DD}"
EndProject
Project("{9A19103F-16F7-4668-BE54-9A1E7A4F7556}") = "FileUploader.FunctionalTests", "tests\FileUploader.FunctionalTests\FileUploader.FunctionalTests.csproj", "{C9B3D183-DD12-42EB-99A3-016381594D92}"
EndProject
Project("{2150E333-8FDC-42A3-9474-1A3956D46DE8}") = "tests", "tests", "{D57003E9-E95A-4D8F-B5E5-0353310A18C5}"
EndProject
Project("{2150E333-8FDC-42A3-9474-1A3956D46DE8}") = "src", "src", "{AC6397D8-3D40-479F-84FC-32181897029A}"
EndProject
Project("{FAE04EC0-301F-11D3-BF4B-00C04F79EFBC}") = "FileUploader.Server.POC", "src\FileUploader.Server.POC\FileUploader.Server.POC.csproj", "{D497FFEE-134D-4119-92DB-0D750800FCD9}"
EndProject
Global
	GlobalSection(SolutionConfigurationPlatforms) = preSolution
		Debug|Any CPU = Debug|Any CPU
		Release|Any CPU = Release|Any CPU
	EndGlobalSection
	GlobalSection(ProjectConfigurationPlatforms) = postSolution
		{A6F62A9D-A1DF-41D9-95A4-88834A5953DD}.Debug|Any CPU.ActiveCfg = Debug|Any CPU
		{A6F62A9D-A1DF-41D9-95A4-88834A5953DD}.Debug|Any CPU.Build.0 = Debug|Any CPU
		{A6F62A9D-A1DF-41D9-95A4-88834A5953DD}.Release|Any CPU.ActiveCfg = Release|Any CPU
		{A6F62A9D-A1DF-41D9-95A4-88834A5953DD}.Release|Any CPU.Build.0 = Release|Any CPU
		{C9B3D183-DD12-42EB-99A3-016381594D92}.Debug|Any CPU.ActiveCfg = Debug|Any CPU
		{C9B3D183-DD12-42EB-99A3-016381594D92}.Debug|Any CPU.Build.0 = Debug|Any CPU
		{C9B3D183-DD12-42EB-99A3-016381594D92}.Release|Any CPU.ActiveCfg = Release|Any CPU
		{C9B3D183-DD12-42EB-99A3-016381594D92}.Release|Any CPU.Build.0 = Release|Any CPU
		{D497FFEE-134D-4119-92DB-0D750800FCD9}.Debug|Any CPU.ActiveCfg = Debug|Any CPU
		{D497FFEE-134D-4119-92DB-0D750800FCD9}.Debug|Any CPU.Build.0 = Debug|Any CPU
		{D497FFEE-134D-4119-92DB-0D750800FCD9}.Release|Any CPU.ActiveCfg = Release|Any CPU
		{D497FFEE-134D-4119-92DB-0D750800FCD9}.Release|Any CPU.Build.0 = Release|Any CPU
	EndGlobalSection
	GlobalSection(SolutionProperties) = preSolution
		HideSolutionNode = FALSE
	EndGlobalSection
	GlobalSection(NestedProjects) = preSolution
		{A6F62A9D-A1DF-41D9-95A4-88834A5953DD} = {AC6397D8-3D40-479F-84FC-32181897029A}
		{C9B3D183-DD12-42EB-99A3-016381594D92} = {D57003E9-E95A-4D8F-B5E5-0353310A18C5}
		{D497FFEE-134D-4119-92DB-0D750800FCD9} = {AC6397D8-3D40-479F-84FC-32181897029A}
	EndGlobalSection
	GlobalSection(ExtensibilityGlobals) = postSolution
		SolutionGuid = {B099FDF0-029C-4DDD-B561-EA0F606E451C}
	EndGlobalSection
EndGlobal
